// !$*UTF8*$!
{
	archiveVersion = 1;
	classes = {
	};
	objectVersion = 50;
	objects = {

/* Begin PBXBuildFile section */
		940690B724E22B0700249D7A /* MovieCollectionViewCell.swift in Sources */ = {isa = PBXBuildFile; fileRef = 940690B624E22B0700249D7A /* MovieCollectionViewCell.swift */; };
		940690BA24E2354600249D7A /* Movie.swift in Sources */ = {isa = PBXBuildFile; fileRef = 940690B924E2354600249D7A /* Movie.swift */; };
		94529A5624D264DB003F40AD /* AppDelegate.swift in Sources */ = {isa = PBXBuildFile; fileRef = 94529A5524D264DB003F40AD /* AppDelegate.swift */; };
		94529A5824D264DB003F40AD /* SceneDelegate.swift in Sources */ = {isa = PBXBuildFile; fileRef = 94529A5724D264DB003F40AD /* SceneDelegate.swift */; };
		94529A5D24D264DB003F40AD /* Main.storyboard in Resources */ = {isa = PBXBuildFile; fileRef = 94529A5B24D264DB003F40AD /* Main.storyboard */; };
		94529A5F24D264DD003F40AD /* Assets.xcassets in Resources */ = {isa = PBXBuildFile; fileRef = 94529A5E24D264DD003F40AD /* Assets.xcassets */; };
		94529A6224D264DD003F40AD /* LaunchScreen.storyboard in Resources */ = {isa = PBXBuildFile; fileRef = 94529A6024D264DD003F40AD /* LaunchScreen.storyboard */; };
		947ED63424E3CEBE00157300 /* OrderViewController.swift in Sources */ = {isa = PBXBuildFile; fileRef = 947ED63324E3CEBE00157300 /* OrderViewController.swift */; };
		947ED63624E3D40500157300 /* OrderCollectionViewCell.swift in Sources */ = {isa = PBXBuildFile; fileRef = 947ED63524E3D40500157300 /* OrderCollectionViewCell.swift */; };
		949EA11324DED1DC00880BC1 /* MessageTableViewCell.swift in Sources */ = {isa = PBXBuildFile; fileRef = 949EA11224DED1DC00880BC1 /* MessageTableViewCell.swift */; };
		949EA11524DED60300880BC1 /* HomeViewController.swift in Sources */ = {isa = PBXBuildFile; fileRef = 949EA11424DED60300880BC1 /* HomeViewController.swift */; };
		949EA11924DED6A500880BC1 /* MessageTableViewController.swift in Sources */ = {isa = PBXBuildFile; fileRef = 949EA11824DED6A500880BC1 /* MessageTableViewController.swift */; };
		949EA11B24DED6FB00880BC1 /* Message.swift in Sources */ = {isa = PBXBuildFile; fileRef = 949EA11A24DED6FB00880BC1 /* Message.swift */; };
/* End PBXBuildFile section */

/* Begin PBXFileReference section */
		940690B624E22B0700249D7A /* MovieCollectionViewCell.swift */ = {isa = PBXFileReference; lastKnownFileType = sourcecode.swift; path = MovieCollectionViewCell.swift; sourceTree = "<group>"; };
		940690B924E2354600249D7A /* Movie.swift */ = {isa = PBXFileReference; lastKnownFileType = sourcecode.swift; path = Movie.swift; sourceTree = "<group>"; };
		94529A5224D264DB003F40AD /* Cinema.app */ = {isa = PBXFileReference; explicitFileType = wrapper.application; includeInIndex = 0; path = Cinema.app; sourceTree = BUILT_PRODUCTS_DIR; };
		94529A5524D264DB003F40AD /* AppDelegate.swift */ = {isa = PBXFileReference; lastKnownFileType = sourcecode.swift; path = AppDelegate.swift; sourceTree = "<group>"; };
		94529A5724D264DB003F40AD /* SceneDelegate.swift */ = {isa = PBXFileReference; lastKnownFileType = sourcecode.swift; path = SceneDelegate.swift; sourceTree = "<group>"; };
		94529A5C24D264DB003F40AD /* Base */ = {isa = PBXFileReference; lastKnownFileType = file.storyboard; name = Base; path = Base.lproj/Main.storyboard; sourceTree = "<group>"; };
		94529A5E24D264DD003F40AD /* Assets.xcassets */ = {isa = PBXFileReference; lastKnownFileType = folder.assetcatalog; path = Assets.xcassets; sourceTree = "<group>"; };
		94529A6124D264DD003F40AD /* Base */ = {isa = PBXFileReference; lastKnownFileType = file.storyboard; name = Base; path = Base.lproj/LaunchScreen.storyboard; sourceTree = "<group>"; };
		94529A6324D264DD003F40AD /* Info.plist */ = {isa = PBXFileReference; lastKnownFileType = text.plist.xml; path = Info.plist; sourceTree = "<group>"; };
		947ED63324E3CEBE00157300 /* OrderViewController.swift */ = {isa = PBXFileReference; lastKnownFileType = sourcecode.swift; path = OrderViewController.swift; sourceTree = "<group>"; };
		947ED63524E3D40500157300 /* OrderCollectionViewCell.swift */ = {isa = PBXFileReference; lastKnownFileType = sourcecode.swift; path = OrderCollectionViewCell.swift; sourceTree = "<group>"; };
		949EA11224DED1DC00880BC1 /* MessageTableViewCell.swift */ = {isa = PBXFileReference; lastKnownFileType = sourcecode.swift; path = MessageTableViewCell.swift; sourceTree = "<group>"; };
		949EA11424DED60300880BC1 /* HomeViewController.swift */ = {isa = PBXFileReference; lastKnownFileType = sourcecode.swift; path = HomeViewController.swift; sourceTree = "<group>"; };
		949EA11824DED6A500880BC1 /* MessageTableViewController.swift */ = {isa = PBXFileReference; lastKnownFileType = sourcecode.swift; path = MessageTableViewController.swift; sourceTree = "<group>"; };
		949EA11A24DED6FB00880BC1 /* Message.swift */ = {isa = PBXFileReference; lastKnownFileType = sourcecode.swift; path = Message.swift; sourceTree = "<group>"; };
/* End PBXFileReference section */

/* Begin PBXFrameworksBuildPhase section */
		94529A4F24D264DB003F40AD /* Frameworks */ = {
			isa = PBXFrameworksBuildPhase;
			buildActionMask = 2147483647;
			files = (
			);
			runOnlyForDeploymentPostprocessing = 0;
		};
/* End PBXFrameworksBuildPhase section */

/* Begin PBXGroup section */
		940690B824E22B8D00249D7A /* CollectionView */ = {
			isa = PBXGroup;
			children = (
				940690B624E22B0700249D7A /* MovieCollectionViewCell.swift */,
				940690B924E2354600249D7A /* Movie.swift */,
				947ED63524E3D40500157300 /* OrderCollectionViewCell.swift */,
			);
			path = CollectionView;
			sourceTree = "<group>";
		};
		94529A4924D264DB003F40AD = {
			isa = PBXGroup;
			children = (
				94529A5424D264DB003F40AD /* Cinema */,
				94529A5324D264DB003F40AD /* Products */,
			);
			sourceTree = "<group>";
		};
		94529A5324D264DB003F40AD /* Products */ = {
			isa = PBXGroup;
			children = (
				94529A5224D264DB003F40AD /* Cinema.app */,
			);
			name = Products;
			sourceTree = "<group>";
		};
		94529A5424D264DB003F40AD /* Cinema */ = {
			isa = PBXGroup;
			children = (
				940690B824E22B8D00249D7A /* CollectionView */,
				94529A5524D264DB003F40AD /* AppDelegate.swift */,
				94529A5724D264DB003F40AD /* SceneDelegate.swift */,
				94529A5B24D264DB003F40AD /* Main.storyboard */,
				947ED63324E3CEBE00157300 /* OrderViewController.swift */,
				949EA11824DED6A500880BC1 /* MessageTableViewController.swift */,
				949EA11A24DED6FB00880BC1 /* Message.swift */,
				949EA11424DED60300880BC1 /* HomeViewController.swift */,
				949EA11224DED1DC00880BC1 /* MessageTableViewCell.swift */,
				94529A5E24D264DD003F40AD /* Assets.xcassets */,
				94529A6024D264DD003F40AD /* LaunchScreen.storyboard */,
				94529A6324D264DD003F40AD /* Info.plist */,
			);
			path = Cinema;
			sourceTree = "<group>";
		};
/* End PBXGroup section */

/* Begin PBXNativeTarget section */
		94529A5124D264DB003F40AD /* Cinema */ = {
			isa = PBXNativeTarget;
			buildConfigurationList = 94529A6624D264DD003F40AD /* Build configuration list for PBXNativeTarget "Cinema" */;
			buildPhases = (
				94529A4E24D264DB003F40AD /* Sources */,
				94529A4F24D264DB003F40AD /* Frameworks */,
				94529A5024D264DB003F40AD /* Resources */,
			);
			buildRules = (
			);
			dependencies = (
			);
			name = Cinema;
			productName = Cinema;
			productReference = 94529A5224D264DB003F40AD /* Cinema.app */;
			productType = "com.apple.product-type.application";
		};
/* End PBXNativeTarget section */

/* Begin PBXProject section */
		94529A4A24D264DB003F40AD /* Project object */ = {
			isa = PBXProject;
			attributes = {
				LastSwiftUpdateCheck = 1200;
				LastUpgradeCheck = 1200;
				TargetAttributes = {
					94529A5124D264DB003F40AD = {
						CreatedOnToolsVersion = 12.0;
					};
				};
			};
			buildConfigurationList = 94529A4D24D264DB003F40AD /* Build configuration list for PBXProject "Cinema" */;
			compatibilityVersion = "Xcode 9.3";
			developmentRegion = en;
			hasScannedForEncodings = 0;
			knownRegions = (
				en,
				Base,
			);
			mainGroup = 94529A4924D264DB003F40AD;
			productRefGroup = 94529A5324D264DB003F40AD /* Products */;
			projectDirPath = "";
			projectRoot = "";
			targets = (
				94529A5124D264DB003F40AD /* Cinema */,
			);
		};
/* End PBXProject section */

/* Begin PBXResourcesBuildPhase section */
		94529A5024D264DB003F40AD /* Resources */ = {
			isa = PBXResourcesBuildPhase;
			buildActionMask = 2147483647;
			files = (
				94529A6224D264DD003F40AD /* LaunchScreen.storyboard in Resources */,
				94529A5F24D264DD003F40AD /* Assets.xcassets in Resources */,
				94529A5D24D264DB003F40AD /* Main.storyboard in Resources */,
			);
			runOnlyForDeploymentPostprocessing = 0;
		};
/* End PBXResourcesBuildPhase section */

/* Begin PBXSourcesBuildPhase section */
		94529A4E24D264DB003F40AD /* Sources */ = {
			isa = PBXSourcesBuildPhase;
			buildActionMask = 2147483647;
			files = (
				94529A5624D264DB003F40AD /* AppDelegate.swift in Sources */,
				947ED63624E3D40500157300 /* OrderCollectionViewCell.swift in Sources */,
				949EA11B24DED6FB00880BC1 /* Message.swift in Sources */,
				940690BA24E2354600249D7A /* Movie.swift in Sources */,
				94529A5824D264DB003F40AD /* SceneDelegate.swift in Sources */,
				949EA11924DED6A500880BC1 /* MessageTableViewController.swift in Sources */,
				949EA11324DED1DC00880BC1 /* MessageTableViewCell.swift in Sources */,
				949EA11524DED60300880BC1 /* HomeViewController.swift in Sources */,
				940690B724E22B0700249D7A /* MovieCollectionViewCell.swift in Sources */,
				947ED63424E3CEBE00157300 /* OrderViewController.swift in Sources */,
			);
			runOnlyForDeploymentPostprocessing = 0;
		};
/* End PBXSourcesBuildPhase section */

/* Begin PBXVariantGroup section */
		94529A5B24D264DB003F40AD /* Main.storyboard */ = {
			isa = PBXVariantGroup;
			children = (
				94529A5C24D264DB003F40AD /* Base */,
			);
			name = Main.storyboard;
			sourceTree = "<group>";
		};
		94529A6024D264DD003F40AD /* LaunchScreen.storyboard */ = {
			isa = PBXVariantGroup;
			children = (
				94529A6124D264DD003F40AD /* Base */,
			);
			name = LaunchScreen.storyboard;
			sourceTree = "<group>";
		};
/* End PBXVariantGroup section */

/* Begin XCBuildConfiguration section */
		94529A6424D264DD003F40AD /* Debug */ = {
			isa = XCBuildConfiguration;
			buildSettings = {
				ALWAYS_SEARCH_USER_PATHS = NO;
				CLANG_ANALYZER_NONNULL = YES;
				CLANG_ANALYZER_NUMBER_OBJECT_CONVERSION = YES_AGGRESSIVE;
				CLANG_CXX_LANGUAGE_STANDARD = "gnu++14";
				CLANG_CXX_LIBRARY = "libc++";
				CLANG_ENABLE_MODULES = YES;
				CLANG_ENABLE_OBJC_ARC = YES;
				CLANG_ENABLE_OBJC_WEAK = YES;
				CLANG_WARN_BLOCK_CAPTURE_AUTORELEASING = YES;
				CLANG_WARN_BOOL_CONVERSION = YES;
				CLANG_WARN_COMMA = YES;
				CLANG_WARN_CONSTANT_CONVERSION = YES;
				CLANG_WARN_DEPRECATED_OBJC_IMPLEMENTATIONS = YES;
				CLANG_WARN_DIRECT_OBJC_ISA_USAGE = YES_ERROR;
				CLANG_WARN_DOCUMENTATION_COMMENTS = YES;
				CLANG_WARN_EMPTY_BODY = YES;
				CLANG_WARN_ENUM_CONVERSION = YES;
				CLANG_WARN_INFINITE_RECURSION = YES;
				CLANG_WARN_INT_CONVERSION = YES;
				CLANG_WARN_NON_LITERAL_NULL_CONVERSION = YES;
				CLANG_WARN_OBJC_IMPLICIT_RETAIN_SELF = YES;
				CLANG_WARN_OBJC_LITERAL_CONVERSION = YES;
				CLANG_WARN_OBJC_ROOT_CLASS = YES_ERROR;
				CLANG_WARN_QUOTED_INCLUDE_IN_FRAMEWORK_HEADER = YES;
				CLANG_WARN_RANGE_LOOP_ANALYSIS = YES;
				CLANG_WARN_STRICT_PROTOTYPES = YES;
				CLANG_WARN_SUSPICIOUS_MOVE = YES;
				CLANG_WARN_UNGUARDED_AVAILABILITY = YES_AGGRESSIVE;
				CLANG_WARN_UNREACHABLE_CODE = YES;
				CLANG_WARN__DUPLICATE_METHOD_MATCH = YES;
				COPY_PHASE_STRIP = NO;
				DEBUG_INFORMATION_FORMAT = dwarf;
				ENABLE_STRICT_OBJC_MSGSEND = YES;
				ENABLE_TESTABILITY = YES;
				GCC_C_LANGUAGE_STANDARD = gnu11;
				GCC_DYNAMIC_NO_PIC = NO;
				GCC_NO_COMMON_BLOCKS = YES;
				GCC_OPTIMIZATION_LEVEL = 0;
				GCC_PREPROCESSOR_DEFINITIONS = (
					"DEBUG=1",
					"$(inherited)",
				);
				GCC_WARN_64_TO_32_BIT_CONVERSION = YES;
				GCC_WARN_ABOUT_RETURN_TYPE = YES_ERROR;
				GCC_WARN_UNDECLARED_SELECTOR = YES;
				GCC_WARN_UNINITIALIZED_AUTOS = YES_AGGRESSIVE;
				GCC_WARN_UNUSED_FUNCTION = YES;
				GCC_WARN_UNUSED_VARIABLE = YES;
				IPHONEOS_DEPLOYMENT_TARGET = 14.0;
				MTL_ENABLE_DEBUG_INFO = INCLUDE_SOURCE;
				MTL_FAST_MATH = YES;
				ONLY_ACTIVE_ARCH = YES;
				SDKROOT = iphoneos;
				SWIFT_ACTIVE_COMPILATION_CONDITIONS = DEBUG;
				SWIFT_OPTIMIZATION_LEVEL = "-Onone";
			};
			name = Debug;
		};
		94529A6524D264DD003F40AD /* Release */ = {
			isa = XCBuildConfiguration;
			buildSettings = {
				ALWAYS_SEARCH_USER_PATHS = NO;
				CLANG_ANALYZER_NONNULL = YES;
				CLANG_ANALYZER_NUMBER_OBJECT_CONVERSION = YES_AGGRESSIVE;
				CLANG_CXX_LANGUAGE_STANDARD = "gnu++14";
				CLANG_CXX_LIBRARY = "libc++";
				CLANG_ENABLE_MODULES = YES;
				CLANG_ENABLE_OBJC_ARC = YES;
				CLANG_ENABLE_OBJC_WEAK = YES;
				CLANG_WARN_BLOCK_CAPTURE_AUTORELEASING = YES;
				CLANG_WARN_BOOL_CONVERSION = YES;
				CLANG_WARN_COMMA = YES;
				CLANG_WARN_CONSTANT_CONVERSION = YES;
				CLANG_WARN_DEPRECATED_OBJC_IMPLEMENTATIONS = YES;
				CLANG_WARN_DIRECT_OBJC_ISA_USAGE = YES_ERROR;
				CLANG_WARN_DOCUMENTATION_COMMENTS = YES;
				CLANG_WARN_EMPTY_BODY = YES;
				CLANG_WARN_ENUM_CONVERSION = YES;
				CLANG_WARN_INFINITE_RECURSION = YES;
				CLANG_WARN_INT_CONVERSION = YES;
				CLANG_WARN_NON_LITERAL_NULL_CONVERSION = YES;
				CLANG_WARN_OBJC_IMPLICIT_RETAIN_SELF = YES;
				CLANG_WARN_OBJC_LITERAL_CONVERSION = YES;
				CLANG_WARN_OBJC_ROOT_CLASS = YES_ERROR;
				CLANG_WARN_QUOTED_INCLUDE_IN_FRAMEWORK_HEADER = YES;
				CLANG_WARN_RANGE_LOOP_ANALYSIS = YES;
				CLANG_WARN_STRICT_PROTOTYPES = YES;
				CLANG_WARN_SUSPICIOUS_MOVE = YES;
				CLANG_WARN_UNGUARDED_AVAILABILITY = YES_AGGRESSIVE;
				CLANG_WARN_UNREACHABLE_CODE = YES;
				CLANG_WARN__DUPLICATE_METHOD_MATCH = YES;
				COPY_PHASE_STRIP = NO;
				DEBUG_INFORMATION_FORMAT = "dwarf-with-dsym";
				ENABLE_NS_ASSERTIONS = NO;
				ENABLE_STRICT_OBJC_MSGSEND = YES;
				GCC_C_LANGUAGE_STANDARD = gnu11;
				GCC_NO_COMMON_BLOCKS = YES;
				GCC_WARN_64_TO_32_BIT_CONVERSION = YES;
				GCC_WARN_ABOUT_RETURN_TYPE = YES_ERROR;
				GCC_WARN_UNDECLARED_SELECTOR = YES;
				GCC_WARN_UNINITIALIZED_AUTOS = YES_AGGRESSIVE;
				GCC_WARN_UNUSED_FUNCTION = YES;
				GCC_WARN_UNUSED_VARIABLE = YES;
				IPHONEOS_DEPLOYMENT_TARGET = 14.0;
				MTL_ENABLE_DEBUG_INFO = NO;
				MTL_FAST_MATH = YES;
				SDKROOT = iphoneos;
				SWIFT_COMPILATION_MODE = wholemodule;
				SWIFT_OPTIMIZATION_LEVEL = "-O";
				VALIDATE_PRODUCT = YES;
			};
			name = Release;
		};
		94529A6724D264DD003F40AD /* Debug */ = {
			isa = XCBuildConfiguration;
			buildSettings = {
				ASSETCATALOG_COMPILER_APPICON_NAME = AppIcon;
				ASSETCATALOG_COMPILER_GLOBAL_ACCENT_COLOR_NAME = AccentColor;
				CODE_SIGN_STYLE = Automatic;
				DEVELOPMENT_TEAM = UPK86GDCC2;
				INFOPLIST_FILE = Cinema/Info.plist;
				IPHONEOS_DEPLOYMENT_TARGET = 13.5;
				LD_RUNPATH_SEARCH_PATHS = (
					"$(inherited)",
					"@executable_path/Frameworks",
				);
				PRODUCT_BUNDLE_IDENTIFIER = com.skylar.Cinema;
				PRODUCT_NAME = "$(TARGET_NAME)";
				SWIFT_VERSION = 5.0;
				TARGETED_DEVICE_FAMILY = "1,2";
			};
			name = Debug;
		};
		94529A6824D264DD003F40AD /* Release */ = {
			isa = XCBuildConfiguration;
			buildSettings = {
				ASSETCATALOG_COMPILER_APPICON_NAME = AppIcon;
				ASSETCATALOG_COMPILER_GLOBAL_ACCENT_COLOR_NAME = AccentColor;
				CODE_SIGN_STYLE = Automatic;
				DEVELOPMENT_TEAM = UPK86GDCC2;
				INFOPLIST_FILE = Cinema/Info.plist;
				IPHONEOS_DEPLOYMENT_TARGET = 13.5;
				LD_RUNPATH_SEARCH_PATHS = (
					"$(inherited)",
					"@executable_path/Frameworks",
				);
				PRODUCT_BUNDLE_IDENTIFIER = com.skylar.Cinema;
				PRODUCT_NAME = "$(TARGET_NAME)";
				SWIFT_VERSION = 5.0;
				TARGETED_DEVICE_FAMILY = "1,2";
			};
			name = Release;
		};
/* End XCBuildConfiguration section */

/* Begin XCConfigurationList section */
		94529A4D24D264DB003F40AD /* Build configuration list for PBXProject "Cinema" */ = {
			isa = XCConfigurationList;
			buildConfigurations = (
				94529A6424D264DD003F40AD /* Debug */,
				94529A6524D264DD003F40AD /* Release */,
			);
			defaultConfigurationIsVisible = 0;
			defaultConfigurationName = Release;
		};
		94529A6624D264DD003F40AD /* Build configuration list for PBXNativeTarget "Cinema" */ = {
			isa = XCConfigurationList;
			buildConfigurations = (
				94529A6724D264DD003F40AD /* Debug */,
				94529A6824D264DD003F40AD /* Release */,
			);
			defaultConfigurationIsVisible = 0;
			defaultConfigurationName = Release;
		};
/* End XCConfigurationList section */
	};
	rootObject = 94529A4A24D264DB003F40AD /* Project object */;
}
